// !$*UTF8*$!
{
	archiveVersion = 1;
	classes = {
	};
	objectVersion = 77;
	objects = {

/* Begin PBXContainerItemProxy section */
		666347092E813EDB009CA221 /* PBXContainerItemProxy */ = {
			isa = PBXContainerItemProxy;
			containerPortal = 666346F02E813ED8009CA221 /* Project object */;
			proxyType = 1;
			remoteGlobalIDString = 666346F72E813ED8009CA221;
			remoteInfo = Draft_Playbook;
		};
		666347132E813EDB009CA221 /* PBXContainerItemProxy */ = {
			isa = PBXContainerItemProxy;
			containerPortal = 666346F02E813ED8009CA221 /* Project object */;
			proxyType = 1;
			remoteGlobalIDString = 666346F72E813ED8009CA221;
			remoteInfo = Draft_Playbook;
		};
/* End PBXContainerItemProxy section */

/* Begin PBXFileReference section */
		666346F82E813ED8009CA221 /* Draft_Playbook.app */ = {isa = PBXFileReference; explicitFileType = wrapper.application; includeInIndex = 0; path = Draft_Playbook.app; sourceTree = BUILT_PRODUCTS_DIR; };
		666347082E813EDB009CA221 /* Draft_PlaybookTests.xctest */ = {isa = PBXFileReference; explicitFileType = wrapper.cfbundle; includeInIndex = 0; path = Draft_PlaybookTests.xctest; sourceTree = BUILT_PRODUCTS_DIR; };
		666347122E813EDB009CA221 /* Draft_PlaybookUITests.xctest */ = {isa = PBXFileReference; explicitFileType = wrapper.cfbundle; includeInIndex = 0; path = Draft_PlaybookUITests.xctest; sourceTree = BUILT_PRODUCTS_DIR; };
		66650A102E834A2700146464 /* Draft_Playbook-Bridging-Header.h */ = {isa = PBXFileReference; lastKnownFileType = sourcecode.c.h; path = "Draft_Playbook-Bridging-Header.h"; sourceTree = "<group>"; };
		66650A2B2E8367C100146464 /* Draft-Playbook-Info.plist */ = {isa = PBXFileReference; lastKnownFileType = text.plist; path = "Draft-Playbook-Info.plist"; sourceTree = "<group>"; };
/* End PBXFileReference section */

/* Begin PBXFileSystemSynchronizedRootGroup section */
		6663470B2E813EDB009CA221 /* Draft_PlaybookTests */ = {
			isa = PBXFileSystemSynchronizedRootGroup;
			path = Draft_PlaybookTests;
			sourceTree = "<group>";
		};
		666347152E813EDB009CA221 /* Draft_PlaybookUITests */ = {
			isa = PBXFileSystemSynchronizedRootGroup;
			path = Draft_PlaybookUITests;
			sourceTree = "<group>";
		};
		66650A112E834A4800146464 /* Screens */ = {
			isa = PBXFileSystemSynchronizedRootGroup;
			path = Screens;
			sourceTree = "<group>";
		};
		66650A3F2E83B2DB00146464 /* Scripts */ = {
			isa = PBXFileSystemSynchronizedRootGroup;
			path = Scripts;
			sourceTree = "<group>";
		};
		66650A462E83C0B800146464 /* datasets */ = {
			isa = PBXFileSystemSynchronizedRootGroup;
			path = datasets;
			sourceTree = "<group>";
		};
/* End PBXFileSystemSynchronizedRootGroup section */

/* Begin PBXFrameworksBuildPhase section */
		666346F52E813ED8009CA221 /* Frameworks */ = {
			isa = PBXFrameworksBuildPhase;
			buildActionMask = 2147483647;
			files = (
			);
			runOnlyForDeploymentPostprocessing = 0;
		};
		666347052E813EDB009CA221 /* Frameworks */ = {
			isa = PBXFrameworksBuildPhase;
			buildActionMask = 2147483647;
			files = (
			);
			runOnlyForDeploymentPostprocessing = 0;
		};
		6663470F2E813EDB009CA221 /* Frameworks */ = {
			isa = PBXFrameworksBuildPhase;
			buildActionMask = 2147483647;
			files = (
			);
			runOnlyForDeploymentPostprocessing = 0;
		};
/* End PBXFrameworksBuildPhase section */

/* Begin PBXGroup section */
		666346EF2E813ED8009CA221 = {
			isa = PBXGroup;
			children = (
				66650A2B2E8367C100146464 /* Draft-Playbook-Info.plist */,
				6663470B2E813EDB009CA221 /* Draft_PlaybookTests */,
				666347152E813EDB009CA221 /* Draft_PlaybookUITests */,
				666346F92E813ED8009CA221 /* Products */,
				66650A112E834A4800146464 /* Screens */,
				66650A102E834A2700146464 /* Draft_Playbook-Bridging-Header.h */,
				66650A3F2E83B2DB00146464 /* Scripts */,
				66650A462E83C0B800146464 /* datasets */,
			);
			sourceTree = "<group>";
		};
		666346F92E813ED8009CA221 /* Products */ = {
			isa = PBXGroup;
			children = (
				666346F82E813ED8009CA221 /* Draft_Playbook.app */,
				666347082E813EDB009CA221 /* Draft_PlaybookTests.xctest */,
				666347122E813EDB009CA221 /* Draft_PlaybookUITests.xctest */,
			);
			name = Products;
			sourceTree = "<group>";
		};
/* End PBXGroup section */

/* Begin PBXNativeTarget section */
		666346F72E813ED8009CA221 /* Draft_Playbook */ = {
			isa = PBXNativeTarget;
			buildConfigurationList = 6663471C2E813EDB009CA221 /* Build configuration list for PBXNativeTarget "Draft_Playbook" */;
			buildPhases = (
				666346F42E813ED8009CA221 /* Sources */,
				666346F52E813ED8009CA221 /* Frameworks */,
				666346F62E813ED8009CA221 /* Resources */,
			);
			buildRules = (
			);
			dependencies = (
			);
			fileSystemSynchronizedGroups = (
				66650A112E834A4800146464 /* Screens */,
				66650A3F2E83B2DB00146464 /* Scripts */,
				66650A462E83C0B800146464 /* datasets */,
			);
			name = Draft_Playbook;
			packageProductDependencies = (
			);
			productName = Draft_Playbook;
			productReference = 666346F82E813ED8009CA221 /* Draft_Playbook.app */;
			productType = "com.apple.product-type.application";
		};
		666347072E813EDB009CA221 /* Draft_PlaybookTests */ = {
			isa = PBXNativeTarget;
			buildConfigurationList = 6663471F2E813EDB009CA221 /* Build configuration list for PBXNativeTarget "Draft_PlaybookTests" */;
			buildPhases = (
				666347042E813EDB009CA221 /* Sources */,
				666347052E813EDB009CA221 /* Frameworks */,
				666347062E813EDB009CA221 /* Resources */,
			);
			buildRules = (
			);
			dependencies = (
				6663470A2E813EDB009CA221 /* PBXTargetDependency */,
			);
			fileSystemSynchronizedGroups = (
				6663470B2E813EDB009CA221 /* Draft_PlaybookTests */,
			);
			name = Draft_PlaybookTests;
			packageProductDependencies = (
			);
			productName = Draft_PlaybookTests;
			productReference = 666347082E813EDB009CA221 /* Draft_PlaybookTests.xctest */;
			productType = "com.apple.product-type.bundle.unit-test";
		};
		666347112E813EDB009CA221 /* Draft_PlaybookUITests */ = {
			isa = PBXNativeTarget;
			buildConfigurationList = 666347222E813EDB009CA221 /* Build configuration list for PBXNativeTarget "Draft_PlaybookUITests" */;
			buildPhases = (
				6663470E2E813EDB009CA221 /* Sources */,
				6663470F2E813EDB009CA221 /* Frameworks */,
				666347102E813EDB009CA221 /* Resources */,
			);
			buildRules = (
			);
			dependencies = (
				666347142E813EDB009CA221 /* PBXTargetDependency */,
			);
			fileSystemSynchronizedGroups = (
				666347152E813EDB009CA221 /* Draft_PlaybookUITests */,
			);
			name = Draft_PlaybookUITests;
			packageProductDependencies = (
			);
			productName = Draft_PlaybookUITests;
			productReference = 666347122E813EDB009CA221 /* Draft_PlaybookUITests.xctest */;
			productType = "com.apple.product-type.bundle.ui-testing";
		};
/* End PBXNativeTarget section */

/* Begin PBXProject section */
		666346F02E813ED8009CA221 /* Project object */ = {
			isa = PBXProject;
			attributes = {
				BuildIndependentTargetsInParallel = 1;
				LastSwiftUpdateCheck = 1620;
				LastUpgradeCheck = 1620;
				TargetAttributes = {
					666346F72E813ED8009CA221 = {
						CreatedOnToolsVersion = 16.2;
						LastSwiftMigration = 1620;
					};
					666347072E813EDB009CA221 = {
						CreatedOnToolsVersion = 16.2;
						TestTargetID = 666346F72E813ED8009CA221;
					};
					666347112E813EDB009CA221 = {
						CreatedOnToolsVersion = 16.2;
						TestTargetID = 666346F72E813ED8009CA221;
					};
				};
			};
			buildConfigurationList = 666346F32E813ED8009CA221 /* Build configuration list for PBXProject "Draft_Playbook" */;
			developmentRegion = en;
			hasScannedForEncodings = 0;
			knownRegions = (
				en,
				Base,
			);
			mainGroup = 666346EF2E813ED8009CA221;
			minimizedProjectReferenceProxies = 1;
			preferredProjectObjectVersion = 77;
			productRefGroup = 666346F92E813ED8009CA221 /* Products */;
			projectDirPath = "";
			projectRoot = "";
			targets = (
				666346F72E813ED8009CA221 /* Draft_Playbook */,
				666347072E813EDB009CA221 /* Draft_PlaybookTests */,
				666347112E813EDB009CA221 /* Draft_PlaybookUITests */,
			);
		};
/* End PBXProject section */

/* Begin PBXResourcesBuildPhase section */
		666346F62E813ED8009CA221 /* Resources */ = {
			isa = PBXResourcesBuildPhase;
			buildActionMask = 2147483647;
			files = (
			);
			runOnlyForDeploymentPostprocessing = 0;
		};
		666347062E813EDB009CA221 /* Resources */ = {
			isa = PBXResourcesBuildPhase;
			buildActionMask = 2147483647;
			files = (
			);
			runOnlyForDeploymentPostprocessing = 0;
		};
		666347102E813EDB009CA221 /* Resources */ = {
			isa = PBXResourcesBuildPhase;
			buildActionMask = 2147483647;
			files = (
			);
			runOnlyForDeploymentPostprocessing = 0;
		};
/* End PBXResourcesBuildPhase section */

/* Begin PBXSourcesBuildPhase section */
		666346F42E813ED8009CA221 /* Sources */ = {
			isa = PBXSourcesBuildPhase;
			buildActionMask = 2147483647;
			files = (
			);
			runOnlyForDeploymentPostprocessing = 0;
		};
		666347042E813EDB009CA221 /* Sources */ = {
			isa = PBXSourcesBuildPhase;
			buildActionMask = 2147483647;
			files = (
			);
			runOnlyForDeploymentPostprocessing = 0;
		};
		6663470E2E813EDB009CA221 /* Sources */ = {
			isa = PBXSourcesBuildPhase;
			buildActionMask = 2147483647;
			files = (
			);
			runOnlyForDeploymentPostprocessing = 0;
		};
/* End PBXSourcesBuildPhase section */

/* Begin PBXTargetDependency section */
		6663470A2E813EDB009CA221 /* PBXTargetDependency */ = {
			isa = PBXTargetDependency;
			target = 666346F72E813ED8009CA221 /* Draft_Playbook */;
			targetProxy = 666347092E813EDB009CA221 /* PBXContainerItemProxy */;
		};
		666347142E813EDB009CA221 /* PBXTargetDependency */ = {
			isa = PBXTargetDependency;
			target = 666346F72E813ED8009CA221 /* Draft_Playbook */;
			targetProxy = 666347132E813EDB009CA221 /* PBXContainerItemProxy */;
		};
/* End PBXTargetDependency section */

/* Begin XCBuildConfiguration section */
		6663471A2E813EDB009CA221 /* Debug */ = {
			isa = XCBuildConfiguration;
			buildSettings = {
				ALWAYS_SEARCH_USER_PATHS = NO;
				ASSETCATALOG_COMPILER_GENERATE_SWIFT_ASSET_SYMBOL_EXTENSIONS = YES;
				CLANG_ANALYZER_NONNULL = YES;
				CLANG_ANALYZER_NUMBER_OBJECT_CONVERSION = YES_AGGRESSIVE;
				CLANG_CXX_LANGUAGE_STANDARD = "gnu++20";
				CLANG_ENABLE_MODULES = YES;
				CLANG_ENABLE_OBJC_ARC = YES;
				CLANG_ENABLE_OBJC_WEAK = YES;
				CLANG_WARN_BLOCK_CAPTURE_AUTORELEASING = YES;
				CLANG_WARN_BOOL_CONVERSION = YES;
				CLANG_WARN_COMMA = YES;
				CLANG_WARN_CONSTANT_CONVERSION = YES;
				CLANG_WARN_DEPRECATED_OBJC_IMPLEMENTATIONS = YES;
				CLANG_WARN_DIRECT_OBJC_ISA_USAGE = YES_ERROR;
				CLANG_WARN_DOCUMENTATION_COMMENTS = YES;
				CLANG_WARN_EMPTY_BODY = YES;
				CLANG_WARN_ENUM_CONVERSION = YES;
				CLANG_WARN_INFINITE_RECURSION = YES;
				CLANG_WARN_INT_CONVERSION = YES;
				CLANG_WARN_NON_LITERAL_NULL_CONVERSION = YES;
				CLANG_WARN_OBJC_IMPLICIT_RETAIN_SELF = YES;
				CLANG_WARN_OBJC_LITERAL_CONVERSION = YES;
				CLANG_WARN_OBJC_ROOT_CLASS = YES_ERROR;
				CLANG_WARN_QUOTED_INCLUDE_IN_FRAMEWORK_HEADER = YES;
				CLANG_WARN_RANGE_LOOP_ANALYSIS = YES;
				CLANG_WARN_STRICT_PROTOTYPES = YES;
				CLANG_WARN_SUSPICIOUS_MOVE = YES;
				CLANG_WARN_UNGUARDED_AVAILABILITY = YES_AGGRESSIVE;
				CLANG_WARN_UNREACHABLE_CODE = YES;
				CLANG_WARN__DUPLICATE_METHOD_MATCH = YES;
				COPY_PHASE_STRIP = NO;
				DEBUG_INFORMATION_FORMAT = dwarf;
				ENABLE_STRICT_OBJC_MSGSEND = YES;
				ENABLE_TESTABILITY = YES;
				ENABLE_USER_SCRIPT_SANDBOXING = YES;
				GCC_C_LANGUAGE_STANDARD = gnu17;
				GCC_DYNAMIC_NO_PIC = NO;
				GCC_NO_COMMON_BLOCKS = YES;
				GCC_OPTIMIZATION_LEVEL = 0;
				GCC_PREPROCESSOR_DEFINITIONS = (
					"DEBUG=1",
					"$(inherited)",
				);
				GCC_WARN_64_TO_32_BIT_CONVERSION = YES;
				GCC_WARN_ABOUT_RETURN_TYPE = YES_ERROR;
				GCC_WARN_UNDECLARED_SELECTOR = YES;
				GCC_WARN_UNINITIALIZED_AUTOS = YES_AGGRESSIVE;
				GCC_WARN_UNUSED_FUNCTION = YES;
				GCC_WARN_UNUSED_VARIABLE = YES;
				IPHONEOS_DEPLOYMENT_TARGET = 18.2;
				LOCALIZATION_PREFERS_STRING_CATALOGS = YES;
				MTL_ENABLE_DEBUG_INFO = INCLUDE_SOURCE;
				MTL_FAST_MATH = YES;
				ONLY_ACTIVE_ARCH = YES;
				SDKROOT = iphoneos;
				SWIFT_ACTIVE_COMPILATION_CONDITIONS = "DEBUG $(inherited)";
				SWIFT_OPTIMIZATION_LEVEL = "-Onone";
			};
			name = Debug;
		};
		6663471B2E813EDB009CA221 /* Release */ = {
			isa = XCBuildConfiguration;
			buildSettings = {
				ALWAYS_SEARCH_USER_PATHS = NO;
				ASSETCATALOG_COMPILER_GENERATE_SWIFT_ASSET_SYMBOL_EXTENSIONS = YES;
				CLANG_ANALYZER_NONNULL = YES;
				CLANG_ANALYZER_NUMBER_OBJECT_CONVERSION = YES_AGGRESSIVE;
				CLANG_CXX_LANGUAGE_STANDARD = "gnu++20";
				CLANG_ENABLE_MODULES = YES;
				CLANG_ENABLE_OBJC_ARC = YES;
				CLANG_ENABLE_OBJC_WEAK = YES;
				CLANG_WARN_BLOCK_CAPTURE_AUTORELEASING = YES;
				CLANG_WARN_BOOL_CONVERSION = YES;
				CLANG_WARN_COMMA = YES;
				CLANG_WARN_CONSTANT_CONVERSION = YES;
				CLANG_WARN_DEPRECATED_OBJC_IMPLEMENTATIONS = YES;
				CLANG_WARN_DIRECT_OBJC_ISA_USAGE = YES_ERROR;
				CLANG_WARN_DOCUMENTATION_COMMENTS = YES;
				CLANG_WARN_EMPTY_BODY = YES;
				CLANG_WARN_ENUM_CONVERSION = YES;
				CLANG_WARN_INFINITE_RECURSION = YES;
				CLANG_WARN_INT_CONVERSION = YES;
				CLANG_WARN_NON_LITERAL_NULL_CONVERSION = YES;
				CLANG_WARN_OBJC_IMPLICIT_RETAIN_SELF = YES;
				CLANG_WARN_OBJC_LITERAL_CONVERSION = YES;
				CLANG_WARN_OBJC_ROOT_CLASS = YES_ERROR;
				CLANG_WARN_QUOTED_INCLUDE_IN_FRAMEWORK_HEADER = YES;
				CLANG_WARN_RANGE_LOOP_ANALYSIS = YES;
				CLANG_WARN_STRICT_PROTOTYPES = YES;
				CLANG_WARN_SUSPICIOUS_MOVE = YES;
				CLANG_WARN_UNGUARDED_AVAILABILITY = YES_AGGRESSIVE;
				CLANG_WARN_UNREACHABLE_CODE = YES;
				CLANG_WARN__DUPLICATE_METHOD_MATCH = YES;
				COPY_PHASE_STRIP = NO;
				DEBUG_INFORMATION_FORMAT = "dwarf-with-dsym";
				ENABLE_NS_ASSERTIONS = NO;
				ENABLE_STRICT_OBJC_MSGSEND = YES;
				ENABLE_USER_SCRIPT_SANDBOXING = YES;
				GCC_C_LANGUAGE_STANDARD = gnu17;
				GCC_NO_COMMON_BLOCKS = YES;
				GCC_WARN_64_TO_32_BIT_CONVERSION = YES;
				GCC_WARN_ABOUT_RETURN_TYPE = YES_ERROR;
				GCC_WARN_UNDECLARED_SELECTOR = YES;
				GCC_WARN_UNINITIALIZED_AUTOS = YES_AGGRESSIVE;
				GCC_WARN_UNUSED_FUNCTION = YES;
				GCC_WARN_UNUSED_VARIABLE = YES;
				IPHONEOS_DEPLOYMENT_TARGET = 18.2;
				LOCALIZATION_PREFERS_STRING_CATALOGS = YES;
				MTL_ENABLE_DEBUG_INFO = NO;
				MTL_FAST_MATH = YES;
				SDKROOT = iphoneos;
				SWIFT_COMPILATION_MODE = wholemodule;
				VALIDATE_PRODUCT = YES;
			};
			name = Release;
		};
		6663471D2E813EDB009CA221 /* Debug */ = {
			isa = XCBuildConfiguration;
			buildSettings = {
				ASSETCATALOG_COMPILER_APPICON_NAME = AppIcon;
				ASSETCATALOG_COMPILER_GLOBAL_ACCENT_COLOR_NAME = AccentColor;
				CLANG_ENABLE_MODULES = YES;
				CODE_SIGN_STYLE = Automatic;
				CURRENT_PROJECT_VERSION = 1;
				DEVELOPMENT_ASSET_PATHS = "";
				DEVELOPMENT_TEAM = LLK4JMP3B9;
				ENABLE_PREVIEWS = YES;
				GENERATE_INFOPLIST_FILE = YES;
				INFOPLIST_FILE = "Draft-Playbook-Info.plist";
				INFOPLIST_KEY_UIApplicationSceneManifest_Generation = YES;
				INFOPLIST_KEY_UIApplicationSupportsIndirectInputEvents = YES;
				INFOPLIST_KEY_UILaunchScreen_Generation = YES;
				INFOPLIST_KEY_UISupportedInterfaceOrientations_iPad = "UIInterfaceOrientationPortrait UIInterfaceOrientationPortraitUpsideDown UIInterfaceOrientationLandscapeLeft UIInterfaceOrientationLandscapeRight";
				INFOPLIST_KEY_UISupportedInterfaceOrientations_iPhone = "UIInterfaceOrientationPortrait UIInterfaceOrientationLandscapeLeft UIInterfaceOrientationLandscapeRight";
				LD_RUNPATH_SEARCH_PATHS = (
					"$(inherited)",
					"@executable_path/Frameworks",
				);
				MARKETING_VERSION = 1.0;
				PRODUCT_BUNDLE_IDENTIFIER = "ARYASAD.Draft-Playbook";
				PRODUCT_NAME = "$(TARGET_NAME)";
				SWIFT_EMIT_LOC_STRINGS = YES;
				SWIFT_OBJC_BRIDGING_HEADER = "Draft_Playbook-Bridging-Header.h";
				SWIFT_OPTIMIZATION_LEVEL = "-Onone";
				SWIFT_VERSION = 5.0;
				TARGETED_DEVICE_FAMILY = "1,2";
			};
			name = Debug;
		};
		6663471E2E813EDB009CA221 /* Release */ = {
			isa = XCBuildConfiguration;
			buildSettings = {
				ASSETCATALOG_COMPILER_APPICON_NAME = AppIcon;
				ASSETCATALOG_COMPILER_GLOBAL_ACCENT_COLOR_NAME = AccentColor;
				CLANG_ENABLE_MODULES = YES;
				CODE_SIGN_STYLE = Automatic;
				CURRENT_PROJECT_VERSION = 1;
				DEVELOPMENT_ASSET_PATHS = "";
				DEVELOPMENT_TEAM = LLK4JMP3B9;
				ENABLE_PREVIEWS = YES;
				GENERATE_INFOPLIST_FILE = YES;
				INFOPLIST_FILE = "Draft-Playbook-Info.plist";
				INFOPLIST_KEY_UIApplicationSceneManifest_Generation = YES;
				INFOPLIST_KEY_UIApplicationSupportsIndirectInputEvents = YES;
				INFOPLIST_KEY_UILaunchScreen_Generation = YES;
				INFOPLIST_KEY_UISupportedInterfaceOrientations_iPad = "UIInterfaceOrientationPortrait UIInterfaceOrientationPortraitUpsideDown UIInterfaceOrientationLandscapeLeft UIInterfaceOrientationLandscapeRight";
				INFOPLIST_KEY_UISupportedInterfaceOrientations_iPhone = "UIInterfaceOrientationPortrait UIInterfaceOrientationLandscapeLeft UIInterfaceOrientationLandscapeRight";
				LD_RUNPATH_SEARCH_PATHS = (
					"$(inherited)",
					"@executable_path/Frameworks",
				);
				MARKETING_VERSION = 1.0;
				PRODUCT_BUNDLE_IDENTIFIER = "ARYASAD.Draft-Playbook";
				PRODUCT_NAME = "$(TARGET_NAME)";
				SWIFT_EMIT_LOC_STRINGS = YES;
				SWIFT_OBJC_BRIDGING_HEADER = "Draft_Playbook-Bridging-Header.h";
				SWIFT_VERSION = 5.0;
				TARGETED_DEVICE_FAMILY = "1,2";
			};
			name = Release;
		};
		666347202E813EDB009CA221 /* Debug */ = {
			isa = XCBuildConfiguration;
			buildSettings = {
				BUNDLE_LOADER = "$(TEST_HOST)";
				CODE_SIGN_STYLE = Automatic;
				CURRENT_PROJECT_VERSION = 1;
				GENERATE_INFOPLIST_FILE = YES;
				IPHONEOS_DEPLOYMENT_TARGET = 18.2;
				MARKETING_VERSION = 1.0;
				PRODUCT_BUNDLE_IDENTIFIER = "ARYASAD.Draft-PlaybookTests";
				PRODUCT_NAME = "$(TARGET_NAME)";
				SWIFT_EMIT_LOC_STRINGS = NO;
				SWIFT_VERSION = 5.0;
				TARGETED_DEVICE_FAMILY = "1,2";
				TEST_HOST = "$(BUILT_PRODUCTS_DIR)/Draft_Playbook.app/$(BUNDLE_EXECUTABLE_FOLDER_PATH)/Draft_Playbook";
			};
			name = Debug;
		};
		666347212E813EDB009CA221 /* Release */ = {
			isa = XCBuildConfiguration;
			buildSettings = {
				BUNDLE_LOADER = "$(TEST_HOST)";
				CODE_SIGN_STYLE = Automatic;
				CURRENT_PROJECT_VERSION = 1;
				GENERATE_INFOPLIST_FILE = YES;
				IPHONEOS_DEPLOYMENT_TARGET = 18.2;
				MARKETING_VERSION = 1.0;
				PRODUCT_BUNDLE_IDENTIFIER = "ARYASAD.Draft-PlaybookTests";
				PRODUCT_NAME = "$(TARGET_NAME)";
				SWIFT_EMIT_LOC_STRINGS = NO;
				SWIFT_VERSION = 5.0;
				TARGETED_DEVICE_FAMILY = "1,2";
				TEST_HOST = "$(BUILT_PRODUCTS_DIR)/Draft_Playbook.app/$(BUNDLE_EXECUTABLE_FOLDER_PATH)/Draft_Playbook";
			};
			name = Release;
		};
		666347232E813EDB009CA221 /* Debug */ = {
			isa = XCBuildConfiguration;
			buildSettings = {
				CODE_SIGN_STYLE = Automatic;
				CURRENT_PROJECT_VERSION = 1;
				GENERATE_INFOPLIST_FILE = YES;
				MARKETING_VERSION = 1.0;
				PRODUCT_BUNDLE_IDENTIFIER = "ARYASAD.Draft-PlaybookUITests";
				PRODUCT_NAME = "$(TARGET_NAME)";
				SWIFT_EMIT_LOC_STRINGS = NO;
				SWIFT_VERSION = 5.0;
				TARGETED_DEVICE_FAMILY = "1,2";
				TEST_TARGET_NAME = Draft_Playbook;
			};
			name = Debug;
		};
		666347242E813EDB009CA221 /* Release */ = {
			isa = XCBuildConfiguration;
			buildSettings = {
				CODE_SIGN_STYLE = Automatic;
				CURRENT_PROJECT_VERSION = 1;
				GENERATE_INFOPLIST_FILE = YES;
				MARKETING_VERSION = 1.0;
				PRODUCT_BUNDLE_IDENTIFIER = "ARYASAD.Draft-PlaybookUITests";
				PRODUCT_NAME = "$(TARGET_NAME)";
				SWIFT_EMIT_LOC_STRINGS = NO;
				SWIFT_VERSION = 5.0;
				TARGETED_DEVICE_FAMILY = "1,2";
				TEST_TARGET_NAME = Draft_Playbook;
			};
			name = Release;
		};
/* End XCBuildConfiguration section */

/* Begin XCConfigurationList section */
		666346F32E813ED8009CA221 /* Build configuration list for PBXProject "Draft_Playbook" */ = {
			isa = XCConfigurationList;
			buildConfigurations = (
				6663471A2E813EDB009CA221 /* Debug */,
				6663471B2E813EDB009CA221 /* Release */,
			);
			defaultConfigurationIsVisible = 0;
			defaultConfigurationName = Release;
		};
		6663471C2E813EDB009CA221 /* Build configuration list for PBXNativeTarget "Draft_Playbook" */ = {
			isa = XCConfigurationList;
			buildConfigurations = (
				6663471D2E813EDB009CA221 /* Debug */,
				6663471E2E813EDB009CA221 /* Release */,
			);
			defaultConfigurationIsVisible = 0;
			defaultConfigurationName = Release;
		};
		6663471F2E813EDB009CA221 /* Build configuration list for PBXNativeTarget "Draft_PlaybookTests" */ = {
			isa = XCConfigurationList;
			buildConfigurations = (
				666347202E813EDB009CA221 /* Debug */,
				666347212E813EDB009CA221 /* Release */,
			);
			defaultConfigurationIsVisible = 0;
			defaultConfigurationName = Release;
		};
		666347222E813EDB009CA221 /* Build configuration list for PBXNativeTarget "Draft_PlaybookUITests" */ = {
			isa = XCConfigurationList;
			buildConfigurations = (
				666347232E813EDB009CA221 /* Debug */,
				666347242E813EDB009CA221 /* Release */,
			);
			defaultConfigurationIsVisible = 0;
			defaultConfigurationName = Release;
		};
/* End XCConfigurationList section */
	};
	rootObject = 666346F02E813ED8009CA221 /* Project object */;
}
